
Microsoft Visual Studio Solution File, Format Version 12.00
# Visual Studio 15
VisualStudioVersion = 15.0.27703.2047
MinimumVisualStudioVersion = 10.0.40219.1
Project("{9A19103F-16F7-4668-BE54-9A1E7A4F7556}") = "JobMonitor.BLL", "JobMonitor.BLL\JobMonitor.BLL.csproj", "{E0E5C1AA-E8EB-4B3B-B225-D76D4EF8E159}"
EndProject
Project("{9A19103F-16F7-4668-BE54-9A1E7A4F7556}") = "JobMonitor.DAL", "JobMonitor.DAL\JobMonitor.DAL.csproj", "{11895D74-2BF5-432A-826F-B1A5FDB0D091}"
EndProject
Project("{FAE04EC0-301F-11D3-BF4B-00C04F79EFBC}") = "JobMonitor.Console", "JobMonitor.Console\JobMonitor.Console.csproj", "{78FAF42D-FA84-40A5-8D63-A1AEE0D47A83}"
EndProject
Project("{FAE04EC0-301F-11D3-BF4B-00C04F79EFBC}") = "Job Monitor", "Job Monitor\Job Monitor.csproj", "{FBA4C22F-2645-468D-BD11-B7964587100D}"
EndProject
Project("{FAE04EC0-301F-11D3-BF4B-00C04F79EFBC}") = "JobMonitor.SignalRDataAccessorr", "JobMonitor.SignalRDataAccessorr\JobMonitor.SignalRDataAccessorr.csproj", "{57632216-87D6-473C-9BC4-1D95376D7488}"
EndProject
Project("{9A19103F-16F7-4668-BE54-9A1E7A4F7556}") = "AspCoreAngular", "AspCoreAngular\AspCoreAngular.csproj", "{E8430B6A-FB6D-4269-80FF-112AD4E5AA52}"
EndProject
Project("{9A19103F-16F7-4668-BE54-9A1E7A4F7556}") = "JobMonitor.Helper", "JobMonitor.Helper\JobMonitor.Helper.csproj", "{AD78AB08-17D2-41B5-99F6-29B5D224BF31}"
EndProject
Global
	GlobalSection(SolutionConfigurationPlatforms) = preSolution
		Debug|Any CPU = Debug|Any CPU
		Release|Any CPU = Release|Any CPU
	EndGlobalSection
	GlobalSection(ProjectConfigurationPlatforms) = postSolution
		{E0E5C1AA-E8EB-4B3B-B225-D76D4EF8E159}.Debug|Any CPU.ActiveCfg = Debug|Any CPU
		{E0E5C1AA-E8EB-4B3B-B225-D76D4EF8E159}.Debug|Any CPU.Build.0 = Debug|Any CPU
		{E0E5C1AA-E8EB-4B3B-B225-D76D4EF8E159}.Release|Any CPU.ActiveCfg = Release|Any CPU
		{E0E5C1AA-E8EB-4B3B-B225-D76D4EF8E159}.Release|Any CPU.Build.0 = Release|Any CPU
		{11895D74-2BF5-432A-826F-B1A5FDB0D091}.Debug|Any CPU.ActiveCfg = Debug|Any CPU
		{11895D74-2BF5-432A-826F-B1A5FDB0D091}.Debug|Any CPU.Build.0 = Debug|Any CPU
		{11895D74-2BF5-432A-826F-B1A5FDB0D091}.Release|Any CPU.ActiveCfg = Release|Any CPU
		{11895D74-2BF5-432A-826F-B1A5FDB0D091}.Release|Any CPU.Build.0 = Release|Any CPU
		{78FAF42D-FA84-40A5-8D63-A1AEE0D47A83}.Debug|Any CPU.ActiveCfg = Debug|Any CPU
		{78FAF42D-FA84-40A5-8D63-A1AEE0D47A83}.Debug|Any CPU.Build.0 = Debug|Any CPU
		{78FAF42D-FA84-40A5-8D63-A1AEE0D47A83}.Release|Any CPU.ActiveCfg = Release|Any CPU
		{78FAF42D-FA84-40A5-8D63-A1AEE0D47A83}.Release|Any CPU.Build.0 = Release|Any CPU
		{FBA4C22F-2645-468D-BD11-B7964587100D}.Debug|Any CPU.ActiveCfg = Debug|Any CPU
		{FBA4C22F-2645-468D-BD11-B7964587100D}.Debug|Any CPU.Build.0 = Debug|Any CPU
		{FBA4C22F-2645-468D-BD11-B7964587100D}.Release|Any CPU.ActiveCfg = Release|Any CPU
		{FBA4C22F-2645-468D-BD11-B7964587100D}.Release|Any CPU.Build.0 = Release|Any CPU
		{57632216-87D6-473C-9BC4-1D95376D7488}.Debug|Any CPU.ActiveCfg = Debug|Any CPU
		{57632216-87D6-473C-9BC4-1D95376D7488}.Debug|Any CPU.Build.0 = Debug|Any CPU
		{57632216-87D6-473C-9BC4-1D95376D7488}.Release|Any CPU.ActiveCfg = Release|Any CPU
		{57632216-87D6-473C-9BC4-1D95376D7488}.Release|Any CPU.Build.0 = Release|Any CPU
		{E8430B6A-FB6D-4269-80FF-112AD4E5AA52}.Debug|Any CPU.ActiveCfg = Debug|Any CPU
		{E8430B6A-FB6D-4269-80FF-112AD4E5AA52}.Debug|Any CPU.Build.0 = Debug|Any CPU
		{E8430B6A-FB6D-4269-80FF-112AD4E5AA52}.Release|Any CPU.ActiveCfg = Release|Any CPU
		{E8430B6A-FB6D-4269-80FF-112AD4E5AA52}.Release|Any CPU.Build.0 = Release|Any CPU
		{AD78AB08-17D2-41B5-99F6-29B5D224BF31}.Debug|Any CPU.ActiveCfg = Debug|Any CPU
		{AD78AB08-17D2-41B5-99F6-29B5D224BF31}.Debug|Any CPU.Build.0 = Debug|Any CPU
		{AD78AB08-17D2-41B5-99F6-29B5D224BF31}.Release|Any CPU.ActiveCfg = Release|Any CPU
		{AD78AB08-17D2-41B5-99F6-29B5D224BF31}.Release|Any CPU.Build.0 = Release|Any CPU
	EndGlobalSection
	GlobalSection(SolutionProperties) = preSolution
		HideSolutionNode = FALSE
	EndGlobalSection
	GlobalSection(ExtensibilityGlobals) = postSolution
		SolutionGuid = {DF77C26A-4D55-4DE3-B1D1-D04343AE7E34}
	EndGlobalSection
EndGlobal
